
Microsoft Visual Studio Solution File, Format Version 12.00
# Visual Studio Version 16
VisualStudioVersion = 16.0.30717.126
MinimumVisualStudioVersion = 10.0.40219.1
Project("{FAE04EC0-301F-11D3-BF4B-00C04F79EFBC}") = "OurApp.Android", "OurApp.Android\OurApp.Android.csproj", "{8D27E801-0536-4727-BF0B-7C2E1508B8DE}"
EndProject
Project("{FAE04EC0-301F-11D3-BF4B-00C04F79EFBC}") = "OurApp", "OurApp\OurApp.csproj", "{C1790F65-59B7-4055-85CF-106E9C282129}"
EndProject
Global
	GlobalSection(SolutionConfigurationPlatforms) = preSolution
		Debug|Any CPU = Debug|Any CPU
		Release|Any CPU = Release|Any CPU
	EndGlobalSection
	GlobalSection(ProjectConfigurationPlatforms) = postSolution
		{8D27E801-0536-4727-BF0B-7C2E1508B8DE}.Debug|Any CPU.ActiveCfg = Debug|Any CPU
		{8D27E801-0536-4727-BF0B-7C2E1508B8DE}.Debug|Any CPU.Build.0 = Debug|Any CPU
		{8D27E801-0536-4727-BF0B-7C2E1508B8DE}.Debug|Any CPU.Deploy.0 = Debug|Any CPU
		{8D27E801-0536-4727-BF0B-7C2E1508B8DE}.Release|Any CPU.ActiveCfg = Release|Any CPU
		{8D27E801-0536-4727-BF0B-7C2E1508B8DE}.Release|Any CPU.Build.0 = Release|Any CPU
		{8D27E801-0536-4727-BF0B-7C2E1508B8DE}.Release|Any CPU.Deploy.0 = Release|Any CPU
		{C1790F65-59B7-4055-85CF-106E9C282129}.Debug|Any CPU.ActiveCfg = Debug|Any CPU
		{C1790F65-59B7-4055-85CF-106E9C282129}.Debug|Any CPU.Build.0 = Debug|Any CPU
		{C1790F65-59B7-4055-85CF-106E9C282129}.Debug|Any CPU.Deploy.0 = Debug|Any CPU
		{C1790F65-59B7-4055-85CF-106E9C282129}.Release|Any CPU.ActiveCfg = Release|Any CPU
		{C1790F65-59B7-4055-85CF-106E9C282129}.Release|Any CPU.Build.0 = Release|Any CPU
		{C1790F65-59B7-4055-85CF-106E9C282129}.Release|Any CPU.Deploy.0 = Release|Any CPU
	EndGlobalSection
	GlobalSection(SolutionProperties) = preSolution
		HideSolutionNode = FALSE
	EndGlobalSection
	GlobalSection(ExtensibilityGlobals) = postSolution
		SolutionGuid = {34053578-540B-40FC-B8A6-F49C3AC46B8B}
	EndGlobalSection
EndGlobal
